
Microsoft Visual Studio Solution File, Format Version 12.00
# Visual Studio Version 16
VisualStudioVersion = 16.0.30621.155
MinimumVisualStudioVersion = 10.0.40219.1
Project("{9A19103F-16F7-4668-BE54-9A1E7A4F7556}") = "WebDev.Application", "WebDev.Application\WebDev.Application.csproj", "{2648FB4E-56B7-4663-8ACD-6EE46E4647C0}"
EndProject
Project("{FAE04EC0-301F-11D3-BF4B-00C04F79EFBC}") = "WebDev.Services", "WebDev.Services\WebDev.Services.csproj", "{841670CF-A111-44D8-922B-3D45EF14E11E}"
EndProject
Global
	GlobalSection(SolutionConfigurationPlatforms) = preSolution
		Debug|Any CPU = Debug|Any CPU
		Release|Any CPU = Release|Any CPU
	EndGlobalSection
	GlobalSection(ProjectConfigurationPlatforms) = postSolution
		{2648FB4E-56B7-4663-8ACD-6EE46E4647C0}.Debug|Any CPU.ActiveCfg = Debug|Any CPU
		{2648FB4E-56B7-4663-8ACD-6EE46E4647C0}.Debug|Any CPU.Build.0 = Debug|Any CPU
		{2648FB4E-56B7-4663-8ACD-6EE46E4647C0}.Release|Any CPU.ActiveCfg = Release|Any CPU
		{2648FB4E-56B7-4663-8ACD-6EE46E4647C0}.Release|Any CPU.Build.0 = Release|Any CPU
		{841670CF-A111-44D8-922B-3D45EF14E11E}.Debug|Any CPU.ActiveCfg = Debug|Any CPU
		{841670CF-A111-44D8-922B-3D45EF14E11E}.Debug|Any CPU.Build.0 = Debug|Any CPU
		{841670CF-A111-44D8-922B-3D45EF14E11E}.Release|Any CPU.ActiveCfg = Release|Any CPU
		{841670CF-A111-44D8-922B-3D45EF14E11E}.Release|Any CPU.Build.0 = Release|Any CPU
	EndGlobalSection
	GlobalSection(SolutionProperties) = preSolution
		HideSolutionNode = FALSE
	EndGlobalSection
	GlobalSection(ExtensibilityGlobals) = postSolution
		SolutionGuid = {6B29796C-F105-4305-BDC1-FA7EC834CA88}
	EndGlobalSection
EndGlobal
